
Microsoft Visual Studio Solution File, Format Version 12.00
# Visual Studio Version 16
VisualStudioVersion = 16.0.29123.88
MinimumVisualStudioVersion = 10.0.40219.1
Project("{FAE04EC0-301F-11D3-BF4B-00C04F79EFBC}") = "WebApi-Inventario", "WebApi-Inventario\WebApi-Inventario.csproj", "{9A147A62-D5C3-4E9E-BB85-60829F23BD40}"
EndProject
Global
	GlobalSection(SolutionConfigurationPlatforms) = preSolution
		Debug|Any CPU = Debug|Any CPU
		Release|Any CPU = Release|Any CPU
	EndGlobalSection
	GlobalSection(ProjectConfigurationPlatforms) = postSolution
		{9A147A62-D5C3-4E9E-BB85-60829F23BD40}.Debug|Any CPU.ActiveCfg = Debug|Any CPU
		{9A147A62-D5C3-4E9E-BB85-60829F23BD40}.Debug|Any CPU.Build.0 = Debug|Any CPU
		{9A147A62-D5C3-4E9E-BB85-60829F23BD40}.Release|Any CPU.ActiveCfg = Release|Any CPU
		{9A147A62-D5C3-4E9E-BB85-60829F23BD40}.Release|Any CPU.Build.0 = Release|Any CPU
	EndGlobalSection
	GlobalSection(SolutionProperties) = preSolution
		HideSolutionNode = FALSE
	EndGlobalSection
	GlobalSection(ExtensibilityGlobals) = postSolution
		SolutionGuid = {315F66B1-18A4-4940-84CD-4EDF403471E9}
	EndGlobalSection
EndGlobal
